
Microsoft Visual Studio Solution File, Format Version 12.00
# Visual Studio Version 18
VisualStudioVersion = 18.0.11222.15
MinimumVisualStudioVersion = 10.0.40219.1
Project("{2150E333-8FDC-42A3-9474-1A3956D46DE8}") = "src", "src", "{827E0CD3-B72D-47B6-A68D-7590B98EB39B}"
EndProject
Project("{FAE04EC0-301F-11D3-BF4B-00C04F79EFBC}") = "BW.Website.WebUI", "src\BW.Website.WebUI\BW.Website.WebUI.csproj", "{44D49966-EA94-4582-AF2B-73FACD486915}"
EndProject
Project("{FAE04EC0-301F-11D3-BF4B-00C04F79EFBC}") = "BW.Website.Domain", "src\BW.Website.Domain\BW.Website.Domain.csproj", "{587FC372-CCC1-48D3-9187-6730EB05DCD6}"
EndProject
Project("{FAE04EC0-301F-11D3-BF4B-00C04F79EFBC}") = "BW.Website.Application", "src\BW.Website.Application\BW.Website.Application.csproj", "{2BF9471B-4464-4759-85C0-A690242CE978}"
EndProject
Project("{FAE04EC0-301F-11D3-BF4B-00C04F79EFBC}") = "BW.Website.Infrastructure", "src\BW.Website.Infrastructure\BW.Website.Infrastructure.csproj", "{1C519359-66F3-4DCC-A68D-851C7951D182}"
EndProject
Project("{2150E333-8FDC-42A3-9474-1A3956D46DE8}") = "frontend", "frontend", "{CE609670-85B9-0D16-FB54-ED063D5D8A6D}"
EndProject
Project("{FAE04EC0-301F-11D3-BF4B-00C04F79EFBC}") = "BW.Website.Frontend", "frontend\BW.Website.Frontend\BW.Website.Frontend.csproj", "{F6E0C051-9514-4B13-8C06-77E497922F1C}"
EndProject
Project("{2150E333-8FDC-42A3-9474-1A3956D46DE8}") = "_solution_items", "_solution_items", "{F66D4E7C-EF39-4499-A6D3-2A127BD1FE60}"
	ProjectSection(SolutionItems) = preProject
		.gitignore = .gitignore
		README.md = README.md
	EndProjectSection
EndProject
Project("{2150E333-8FDC-42A3-9474-1A3956D46DE8}") = "docs", "docs", "{0921C708-4A06-4E6F-9A0D-B35D26191E13}"
EndProject
Project("{2150E333-8FDC-42A3-9474-1A3956D46DE8}") = "ai", "ai", "{C6CAB364-3097-4933-AAD1-456C362D5CC6}"
	ProjectSection(SolutionItems) = preProject
		docs\ai\WebProjectArchitecture.md = docs\ai\WebProjectArchitecture.md
	EndProjectSection
EndProject
Global
	GlobalSection(SolutionConfigurationPlatforms) = preSolution
		Debug|Any CPU = Debug|Any CPU
		Debug|x64 = Debug|x64
		Debug|x86 = Debug|x86
		Release|Any CPU = Release|Any CPU
		Release|x64 = Release|x64
		Release|x86 = Release|x86
	EndGlobalSection
	GlobalSection(ProjectConfigurationPlatforms) = postSolution
		{44D49966-EA94-4582-AF2B-73FACD486915}.Debug|Any CPU.ActiveCfg = Debug|Any CPU
		{44D49966-EA94-4582-AF2B-73FACD486915}.Debug|Any CPU.Build.0 = Debug|Any CPU
		{44D49966-EA94-4582-AF2B-73FACD486915}.Debug|x64.ActiveCfg = Debug|Any CPU
		{44D49966-EA94-4582-AF2B-73FACD486915}.Debug|x64.Build.0 = Debug|Any CPU
		{44D49966-EA94-4582-AF2B-73FACD486915}.Debug|x86.ActiveCfg = Debug|Any CPU
		{44D49966-EA94-4582-AF2B-73FACD486915}.Debug|x86.Build.0 = Debug|Any CPU
		{44D49966-EA94-4582-AF2B-73FACD486915}.Release|Any CPU.ActiveCfg = Release|Any CPU
		{44D49966-EA94-4582-AF2B-73FACD486915}.Release|Any CPU.Build.0 = Release|Any CPU
		{44D49966-EA94-4582-AF2B-73FACD486915}.Release|x64.ActiveCfg = Release|Any CPU
		{44D49966-EA94-4582-AF2B-73FACD486915}.Release|x64.Build.0 = Release|Any CPU
		{44D49966-EA94-4582-AF2B-73FACD486915}.Release|x86.ActiveCfg = Release|Any CPU
		{44D49966-EA94-4582-AF2B-73FACD486915}.Release|x86.Build.0 = Release|Any CPU
		{587FC372-CCC1-48D3-9187-6730EB05DCD6}.Debug|Any CPU.ActiveCfg = Debug|Any CPU
		{587FC372-CCC1-48D3-9187-6730EB05DCD6}.Debug|Any CPU.Build.0 = Debug|Any CPU
		{587FC372-CCC1-48D3-9187-6730EB05DCD6}.Debug|x64.ActiveCfg = Debug|Any CPU
		{587FC372-CCC1-48D3-9187-6730EB05DCD6}.Debug|x64.Build.0 = Debug|Any CPU
		{587FC372-CCC1-48D3-9187-6730EB05DCD6}.Debug|x86.ActiveCfg = Debug|Any CPU
		{587FC372-CCC1-48D3-9187-6730EB05DCD6}.Debug|x86.Build.0 = Debug|Any CPU
		{587FC372-CCC1-48D3-9187-6730EB05DCD6}.Release|Any CPU.ActiveCfg = Release|Any CPU
		{587FC372-CCC1-48D3-9187-6730EB05DCD6}.Release|Any CPU.Build.0 = Release|Any CPU
		{587FC372-CCC1-48D3-9187-6730EB05DCD6}.Release|x64.ActiveCfg = Release|Any CPU
		{587FC372-CCC1-48D3-9187-6730EB05DCD6}.Release|x64.Build.0 = Release|Any CPU
		{587FC372-CCC1-48D3-9187-6730EB05DCD6}.Release|x86.ActiveCfg = Release|Any CPU
		{587FC372-CCC1-48D3-9187-6730EB05DCD6}.Release|x86.Build.0 = Release|Any CPU
		{2BF9471B-4464-4759-85C0-A690242CE978}.Debug|Any CPU.ActiveCfg = Debug|Any CPU
		{2BF9471B-4464-4759-85C0-A690242CE978}.Debug|Any CPU.Build.0 = Debug|Any CPU
		{2BF9471B-4464-4759-85C0-A690242CE978}.Debug|x64.ActiveCfg = Debug|Any CPU
		{2BF9471B-4464-4759-85C0-A690242CE978}.Debug|x64.Build.0 = Debug|Any CPU
		{2BF9471B-4464-4759-85C0-A690242CE978}.Debug|x86.ActiveCfg = Debug|Any CPU
		{2BF9471B-4464-4759-85C0-A690242CE978}.Debug|x86.Build.0 = Debug|Any CPU
		{2BF9471B-4464-4759-85C0-A690242CE978}.Release|Any CPU.ActiveCfg = Release|Any CPU
		{2BF9471B-4464-4759-85C0-A690242CE978}.Release|Any CPU.Build.0 = Release|Any CPU
		{2BF9471B-4464-4759-85C0-A690242CE978}.Release|x64.ActiveCfg = Release|Any CPU
		{2BF9471B-4464-4759-85C0-A690242CE978}.Release|x64.Build.0 = Release|Any CPU
		{2BF9471B-4464-4759-85C0-A690242CE978}.Release|x86.ActiveCfg = Release|Any CPU
		{2BF9471B-4464-4759-85C0-A690242CE978}.Release|x86.Build.0 = Release|Any CPU
		{1C519359-66F3-4DCC-A68D-851C7951D182}.Debug|Any CPU.ActiveCfg = Debug|Any CPU
		{1C519359-66F3-4DCC-A68D-851C7951D182}.Debug|Any CPU.Build.0 = Debug|Any CPU
		{1C519359-66F3-4DCC-A68D-851C7951D182}.Debug|x64.ActiveCfg = Debug|Any CPU
		{1C519359-66F3-4DCC-A68D-851C7951D182}.Debug|x64.Build.0 = Debug|Any CPU
		{1C519359-66F3-4DCC-A68D-851C7951D182}.Debug|x86.ActiveCfg = Debug|Any CPU
		{1C519359-66F3-4DCC-A68D-851C7951D182}.Debug|x86.Build.0 = Debug|Any CPU
		{1C519359-66F3-4DCC-A68D-851C7951D182}.Release|Any CPU.ActiveCfg = Release|Any CPU
		{1C519359-66F3-4DCC-A68D-851C7951D182}.Release|Any CPU.Build.0 = Release|Any CPU
		{1C519359-66F3-4DCC-A68D-851C7951D182}.Release|x64.ActiveCfg = Release|Any CPU
		{1C519359-66F3-4DCC-A68D-851C7951D182}.Release|x64.Build.0 = Release|Any CPU
		{1C519359-66F3-4DCC-A68D-851C7951D182}.Release|x86.ActiveCfg = Release|Any CPU
		{1C519359-66F3-4DCC-A68D-851C7951D182}.Release|x86.Build.0 = Release|Any CPU
		{F6E0C051-9514-4B13-8C06-77E497922F1C}.Debug|Any CPU.ActiveCfg = Debug|Any CPU
		{F6E0C051-9514-4B13-8C06-77E497922F1C}.Debug|Any CPU.Build.0 = Debug|Any CPU
		{F6E0C051-9514-4B13-8C06-77E497922F1C}.Debug|x64.ActiveCfg = Debug|Any CPU
		{F6E0C051-9514-4B13-8C06-77E497922F1C}.Debug|x64.Build.0 = Debug|Any CPU
		{F6E0C051-9514-4B13-8C06-77E497922F1C}.Debug|x86.ActiveCfg = Debug|Any CPU
		{F6E0C051-9514-4B13-8C06-77E497922F1C}.Debug|x86.Build.0 = Debug|Any CPU
		{F6E0C051-9514-4B13-8C06-77E497922F1C}.Release|Any CPU.ActiveCfg = Release|Any CPU
		{F6E0C051-9514-4B13-8C06-77E497922F1C}.Release|Any CPU.Build.0 = Release|Any CPU
		{F6E0C051-9514-4B13-8C06-77E497922F1C}.Release|x64.ActiveCfg = Release|Any CPU
		{F6E0C051-9514-4B13-8C06-77E497922F1C}.Release|x64.Build.0 = Release|Any CPU
		{F6E0C051-9514-4B13-8C06-77E497922F1C}.Release|x86.ActiveCfg = Release|Any CPU
		{F6E0C051-9514-4B13-8C06-77E497922F1C}.Release|x86.Build.0 = Release|Any CPU
	EndGlobalSection
	GlobalSection(SolutionProperties) = preSolution
		HideSolutionNode = FALSE
	EndGlobalSection
	GlobalSection(NestedProjects) = preSolution
		{44D49966-EA94-4582-AF2B-73FACD486915} = {827E0CD3-B72D-47B6-A68D-7590B98EB39B}
		{587FC372-CCC1-48D3-9187-6730EB05DCD6} = {827E0CD3-B72D-47B6-A68D-7590B98EB39B}
		{2BF9471B-4464-4759-85C0-A690242CE978} = {827E0CD3-B72D-47B6-A68D-7590B98EB39B}
		{1C519359-66F3-4DCC-A68D-851C7951D182} = {827E0CD3-B72D-47B6-A68D-7590B98EB39B}
		{F6E0C051-9514-4B13-8C06-77E497922F1C} = {CE609670-85B9-0D16-FB54-ED063D5D8A6D}
		{0921C708-4A06-4E6F-9A0D-B35D26191E13} = {F66D4E7C-EF39-4499-A6D3-2A127BD1FE60}
		{C6CAB364-3097-4933-AAD1-456C362D5CC6} = {0921C708-4A06-4E6F-9A0D-B35D26191E13}
	EndGlobalSection
	GlobalSection(ExtensibilityGlobals) = postSolution
		SolutionGuid = {619BB225-0CE3-4048-BB81-3AF387904558}
	EndGlobalSection
EndGlobal
